
Microsoft Visual Studio Solution File, Format Version 12.00
# Visual Studio Version 17
VisualStudioVersion = 17.0.31912.275
MinimumVisualStudioVersion = 10.0.40219.1
Project("{FAE04EC0-301F-11D3-BF4B-00C04F79EFBC}") = "demo", "demo\demo.csproj", "{CE2CD346-0069-4DE1-AD9E-941E59AADB5F}"
EndProject
Project("{FAE04EC0-301F-11D3-BF4B-00C04F79EFBC}") = "demo.Tests", "demo.Tests\demo.Tests.csproj", "{388E6426-8529-498D-B9C5-C7681CB1B23F}"
EndProject
Global
	GlobalSection(SolutionConfigurationPlatforms) = preSolution
		Debug|Any CPU = Debug|Any CPU
		Release|Any CPU = Release|Any CPU
	EndGlobalSection
	GlobalSection(ProjectConfigurationPlatforms) = postSolution
		{CE2CD346-0069-4DE1-AD9E-941E59AADB5F}.Debug|Any CPU.ActiveCfg = Debug|Any CPU
		{CE2CD346-0069-4DE1-AD9E-941E59AADB5F}.Debug|Any CPU.Build.0 = Debug|Any CPU
		{CE2CD346-0069-4DE1-AD9E-941E59AADB5F}.Release|Any CPU.ActiveCfg = Release|Any CPU
		{CE2CD346-0069-4DE1-AD9E-941E59AADB5F}.Release|Any CPU.Build.0 = Release|Any CPU
		{388E6426-8529-498D-B9C5-C7681CB1B23F}.Debug|Any CPU.ActiveCfg = Debug|Any CPU
		{388E6426-8529-498D-B9C5-C7681CB1B23F}.Debug|Any CPU.Build.0 = Debug|Any CPU
		{388E6426-8529-498D-B9C5-C7681CB1B23F}.Release|Any CPU.ActiveCfg = Release|Any CPU
		{388E6426-8529-498D-B9C5-C7681CB1B23F}.Release|Any CPU.Build.0 = Release|Any CPU
	EndGlobalSection
	GlobalSection(SolutionProperties) = preSolution
		HideSolutionNode = FALSE
	EndGlobalSection
	GlobalSection(ExtensibilityGlobals) = postSolution
		SolutionGuid = {AA6AC241-6FBF-4511-985E-406560B0B5A1}
	EndGlobalSection
EndGlobal
